
Microsoft Visual Studio Solution File, Format Version 12.00
# Visual Studio Version 17
VisualStudioVersion = 17.13.35931.197 d17.13
MinimumVisualStudioVersion = 10.0.40219.1
Project("{FAE04EC0-301F-11D3-BF4B-00C04F79EFBC}") = "MarkdownPlayground", "MarkdownPlayground.csproj", "{ED75E939-D9A5-4E06-A7DF-6B244C746505}"
EndProject
Global
	GlobalSection(SolutionConfigurationPlatforms) = preSolution
		Debug|Any CPU = Debug|Any CPU
		Release|Any CPU = Release|Any CPU
	EndGlobalSection
	GlobalSection(ProjectConfigurationPlatforms) = postSolution
		{ED75E939-D9A5-4E06-A7DF-6B244C746505}.Debug|Any CPU.ActiveCfg = Debug|Any CPU
		{ED75E939-D9A5-4E06-A7DF-6B244C746505}.Debug|Any CPU.Build.0 = Debug|Any CPU
		{ED75E939-D9A5-4E06-A7DF-6B244C746505}.Release|Any CPU.ActiveCfg = Release|Any CPU
		{ED75E939-D9A5-4E06-A7DF-6B244C746505}.Release|Any CPU.Build.0 = Release|Any CPU
	EndGlobalSection
	GlobalSection(SolutionProperties) = preSolution
		HideSolutionNode = FALSE
	EndGlobalSection
	GlobalSection(ExtensibilityGlobals) = postSolution
		SolutionGuid = {2CFCAEF3-498F-43C4-9A05-64BF7597594B}
	EndGlobalSection
EndGlobal
